
Microsoft Visual Studio Solution File, Format Version 12.00
# Visual Studio Version 17
VisualStudioVersion = 17.3.32825.248
MinimumVisualStudioVersion = 10.0.40219.1
Project("{9A19103F-16F7-4668-BE54-9A1E7A4F7556}") = "ConsoleApp1", "ConsoleApp1\ConsoleApp1.csproj", "{D0768363-0513-4EA2-93B1-6B79C6BB1240}"
EndProject
Project("{FAE04EC0-301F-11D3-BF4B-00C04F79EFBC}") = "TestPolynom", "TestPolynom\TestPolynom.csproj", "{56115352-0C68-4099-A07D-901EEADBD521}"
EndProject
Global
	GlobalSection(SolutionConfigurationPlatforms) = preSolution
		Debug|Any CPU = Debug|Any CPU
		Release|Any CPU = Release|Any CPU
	EndGlobalSection
	GlobalSection(ProjectConfigurationPlatforms) = postSolution
		{D0768363-0513-4EA2-93B1-6B79C6BB1240}.Debug|Any CPU.ActiveCfg = Debug|Any CPU
		{D0768363-0513-4EA2-93B1-6B79C6BB1240}.Debug|Any CPU.Build.0 = Debug|Any CPU
		{D0768363-0513-4EA2-93B1-6B79C6BB1240}.Release|Any CPU.ActiveCfg = Release|Any CPU
		{D0768363-0513-4EA2-93B1-6B79C6BB1240}.Release|Any CPU.Build.0 = Release|Any CPU
		{56115352-0C68-4099-A07D-901EEADBD521}.Debug|Any CPU.ActiveCfg = Debug|Any CPU
		{56115352-0C68-4099-A07D-901EEADBD521}.Debug|Any CPU.Build.0 = Debug|Any CPU
		{56115352-0C68-4099-A07D-901EEADBD521}.Release|Any CPU.ActiveCfg = Release|Any CPU
		{56115352-0C68-4099-A07D-901EEADBD521}.Release|Any CPU.Build.0 = Release|Any CPU
	EndGlobalSection
	GlobalSection(SolutionProperties) = preSolution
		HideSolutionNode = FALSE
	EndGlobalSection
	GlobalSection(ExtensibilityGlobals) = postSolution
		SolutionGuid = {2657042A-1395-4AA2-902D-228CEA16A2B3}
	EndGlobalSection
EndGlobal
